// !$*UTF8*$!
{
	archiveVersion = 1;
	classes = {
	};
	objectVersion = 56;
	objects = {

/* Begin PBXBuildFile section */
		91FA5F5A2C44E2F800EE5C3B /* SwiftUILandmarksApp.swift in Sources */ = {isa = PBXBuildFile; fileRef = 91FA5F592C44E2F800EE5C3B /* SwiftUILandmarksApp.swift */; };
		91FA5F5E2C44E2F900EE5C3B /* Assets.xcassets in Resources */ = {isa = PBXBuildFile; fileRef = 91FA5F5D2C44E2F900EE5C3B /* Assets.xcassets */; };
		91FA5F612C44E2F900EE5C3B /* Preview Assets.xcassets in Resources */ = {isa = PBXBuildFile; fileRef = 91FA5F602C44E2F900EE5C3B /* Preview Assets.xcassets */; };
		91FA5F692C44E31300EE5C3B /* CircleImage.swift in Sources */ = {isa = PBXBuildFile; fileRef = 91FA5F672C44E31300EE5C3B /* CircleImage.swift */; };
		91FA5F6A2C44E31300EE5C3B /* MapView.swift in Sources */ = {isa = PBXBuildFile; fileRef = 91FA5F682C44E31300EE5C3B /* MapView.swift */; };
		91FA5F6C2C44E31D00EE5C3B /* ContentView.swift in Sources */ = {isa = PBXBuildFile; fileRef = 91FA5F6B2C44E31D00EE5C3B /* ContentView.swift */; };
		91FA5F7C2C44E51100EE5C3B /* twinlake.jpg in Resources */ = {isa = PBXBuildFile; fileRef = 91FA5F6F2C44E51100EE5C3B /* twinlake.jpg */; };
		91FA5F7D2C44E51100EE5C3B /* chincoteague.jpg in Resources */ = {isa = PBXBuildFile; fileRef = 91FA5F702C44E51100EE5C3B /* chincoteague.jpg */; };
		91FA5F7E2C44E51100EE5C3B /* silversalmoncreek.jpg in Resources */ = {isa = PBXBuildFile; fileRef = 91FA5F712C44E51100EE5C3B /* silversalmoncreek.jpg */; };
		91FA5F7F2C44E51100EE5C3B /* umbagog.jpg in Resources */ = {isa = PBXBuildFile; fileRef = 91FA5F722C44E51100EE5C3B /* umbagog.jpg */; };
		91FA5F802C44E51100EE5C3B /* landmarkData.json in Resources */ = {isa = PBXBuildFile; fileRef = 91FA5F732C44E51100EE5C3B /* landmarkData.json */; };
		91FA5F812C44E51100EE5C3B /* yukon_charleyrivers.jpg in Resources */ = {isa = PBXBuildFile; fileRef = 91FA5F742C44E51100EE5C3B /* yukon_charleyrivers.jpg */; };
		91FA5F822C44E51100EE5C3B /* lakemcdonald.jpg in Resources */ = {isa = PBXBuildFile; fileRef = 91FA5F752C44E51100EE5C3B /* lakemcdonald.jpg */; };
		91FA5F832C44E51100EE5C3B /* stmarylake.jpg in Resources */ = {isa = PBXBuildFile; fileRef = 91FA5F762C44E51100EE5C3B /* stmarylake.jpg */; };
		91FA5F842C44E51100EE5C3B /* hiddenlake.jpg in Resources */ = {isa = PBXBuildFile; fileRef = 91FA5F772C44E51100EE5C3B /* hiddenlake.jpg */; };
		91FA5F852C44E51100EE5C3B /* turtlerock.jpg in Resources */ = {isa = PBXBuildFile; fileRef = 91FA5F782C44E51100EE5C3B /* turtlerock.jpg */; };
		91FA5F862C44E51100EE5C3B /* chilkoottrail.jpg in Resources */ = {isa = PBXBuildFile; fileRef = 91FA5F792C44E51100EE5C3B /* chilkoottrail.jpg */; };
		91FA5F872C44E51100EE5C3B /* icybay.jpg in Resources */ = {isa = PBXBuildFile; fileRef = 91FA5F7A2C44E51100EE5C3B /* icybay.jpg */; };
		91FA5F882C44E51100EE5C3B /* rainbowlake.jpg in Resources */ = {isa = PBXBuildFile; fileRef = 91FA5F7B2C44E51100EE5C3B /* rainbowlake.jpg */; };
		91FA5F8B2C44E52F00EE5C3B /* Data.swift in Sources */ = {isa = PBXBuildFile; fileRef = 91FA5F892C44E52F00EE5C3B /* Data.swift */; };
		91FA5F8C2C44E52F00EE5C3B /* Landmark.swift in Sources */ = {isa = PBXBuildFile; fileRef = 91FA5F8A2C44E52F00EE5C3B /* Landmark.swift */; };
		91FA5F8E2C44F87E00EE5C3B /* LandmarkDetail.swift in Sources */ = {isa = PBXBuildFile; fileRef = 91FA5F8D2C44F87E00EE5C3B /* LandmarkDetail.swift */; };
		91FA5F912C44F91000EE5C3B /* LandmarkRow.swift in Sources */ = {isa = PBXBuildFile; fileRef = 91FA5F902C44F91000EE5C3B /* LandmarkRow.swift */; };
		91FA5F932C44FAF800EE5C3B /* LandmarkList.swift in Sources */ = {isa = PBXBuildFile; fileRef = 91FA5F922C44FAF800EE5C3B /* LandmarkList.swift */; };
/* End PBXBuildFile section */

/* Begin PBXFileReference section */
		91FA5F562C44E2F800EE5C3B /* SwiftUILandmarks.app */ = {isa = PBXFileReference; explicitFileType = wrapper.application; includeInIndex = 0; path = SwiftUILandmarks.app; sourceTree = BUILT_PRODUCTS_DIR; };
		91FA5F592C44E2F800EE5C3B /* SwiftUILandmarksApp.swift */ = {isa = PBXFileReference; lastKnownFileType = sourcecode.swift; path = SwiftUILandmarksApp.swift; sourceTree = "<group>"; };
		91FA5F5D2C44E2F900EE5C3B /* Assets.xcassets */ = {isa = PBXFileReference; lastKnownFileType = folder.assetcatalog; path = Assets.xcassets; sourceTree = "<group>"; };
		91FA5F602C44E2F900EE5C3B /* Preview Assets.xcassets */ = {isa = PBXFileReference; lastKnownFileType = folder.assetcatalog; path = "Preview Assets.xcassets"; sourceTree = "<group>"; };
		91FA5F672C44E31300EE5C3B /* CircleImage.swift */ = {isa = PBXFileReference; fileEncoding = 4; lastKnownFileType = sourcecode.swift; path = CircleImage.swift; sourceTree = "<group>"; };
		91FA5F682C44E31300EE5C3B /* MapView.swift */ = {isa = PBXFileReference; fileEncoding = 4; lastKnownFileType = sourcecode.swift; path = MapView.swift; sourceTree = "<group>"; };
		91FA5F6B2C44E31D00EE5C3B /* ContentView.swift */ = {isa = PBXFileReference; fileEncoding = 4; lastKnownFileType = sourcecode.swift; path = ContentView.swift; sourceTree = "<group>"; };
		91FA5F6F2C44E51100EE5C3B /* twinlake.jpg */ = {isa = PBXFileReference; lastKnownFileType = image.jpeg; path = twinlake.jpg; sourceTree = "<group>"; };
		91FA5F702C44E51100EE5C3B /* chincoteague.jpg */ = {isa = PBXFileReference; lastKnownFileType = image.jpeg; path = chincoteague.jpg; sourceTree = "<group>"; };
		91FA5F712C44E51100EE5C3B /* silversalmoncreek.jpg */ = {isa = PBXFileReference; lastKnownFileType = image.jpeg; path = silversalmoncreek.jpg; sourceTree = "<group>"; };
		91FA5F722C44E51100EE5C3B /* umbagog.jpg */ = {isa = PBXFileReference; lastKnownFileType = image.jpeg; path = umbagog.jpg; sourceTree = "<group>"; };
		91FA5F732C44E51100EE5C3B /* landmarkData.json */ = {isa = PBXFileReference; fileEncoding = 4; lastKnownFileType = text.json; path = landmarkData.json; sourceTree = "<group>"; };
		91FA5F742C44E51100EE5C3B /* yukon_charleyrivers.jpg */ = {isa = PBXFileReference; lastKnownFileType = image.jpeg; path = yukon_charleyrivers.jpg; sourceTree = "<group>"; };
		91FA5F752C44E51100EE5C3B /* lakemcdonald.jpg */ = {isa = PBXFileReference; lastKnownFileType = image.jpeg; path = lakemcdonald.jpg; sourceTree = "<group>"; };
		91FA5F762C44E51100EE5C3B /* stmarylake.jpg */ = {isa = PBXFileReference; lastKnownFileType = image.jpeg; path = stmarylake.jpg; sourceTree = "<group>"; };
		91FA5F772C44E51100EE5C3B /* hiddenlake.jpg */ = {isa = PBXFileReference; lastKnownFileType = image.jpeg; path = hiddenlake.jpg; sourceTree = "<group>"; };
		91FA5F782C44E51100EE5C3B /* turtlerock.jpg */ = {isa = PBXFileReference; lastKnownFileType = image.jpeg; path = turtlerock.jpg; sourceTree = "<group>"; };
		91FA5F792C44E51100EE5C3B /* chilkoottrail.jpg */ = {isa = PBXFileReference; lastKnownFileType = image.jpeg; path = chilkoottrail.jpg; sourceTree = "<group>"; };
		91FA5F7A2C44E51100EE5C3B /* icybay.jpg */ = {isa = PBXFileReference; lastKnownFileType = image.jpeg; path = icybay.jpg; sourceTree = "<group>"; };
		91FA5F7B2C44E51100EE5C3B /* rainbowlake.jpg */ = {isa = PBXFileReference; lastKnownFileType = image.jpeg; path = rainbowlake.jpg; sourceTree = "<group>"; };
		91FA5F892C44E52F00EE5C3B /* Data.swift */ = {isa = PBXFileReference; fileEncoding = 4; lastKnownFileType = sourcecode.swift; path = Data.swift; sourceTree = "<group>"; };
		91FA5F8A2C44E52F00EE5C3B /* Landmark.swift */ = {isa = PBXFileReference; fileEncoding = 4; lastKnownFileType = sourcecode.swift; path = Landmark.swift; sourceTree = "<group>"; };
		91FA5F8D2C44F87E00EE5C3B /* LandmarkDetail.swift */ = {isa = PBXFileReference; lastKnownFileType = sourcecode.swift; path = LandmarkDetail.swift; sourceTree = "<group>"; };
		91FA5F902C44F91000EE5C3B /* LandmarkRow.swift */ = {isa = PBXFileReference; lastKnownFileType = sourcecode.swift; path = LandmarkRow.swift; sourceTree = "<group>"; };
		91FA5F922C44FAF800EE5C3B /* LandmarkList.swift */ = {isa = PBXFileReference; lastKnownFileType = sourcecode.swift; path = LandmarkList.swift; sourceTree = "<group>"; };
/* End PBXFileReference section */

/* Begin PBXFrameworksBuildPhase section */
		91FA5F532C44E2F800EE5C3B /* Frameworks */ = {
			isa = PBXFrameworksBuildPhase;
			buildActionMask = 2147483647;
			files = (
			);
			runOnlyForDeploymentPostprocessing = 0;
		};
/* End PBXFrameworksBuildPhase section */

/* Begin PBXGroup section */
		91FA5F4D2C44E2F800EE5C3B = {
			isa = PBXGroup;
			children = (
				91FA5F582C44E2F800EE5C3B /* SwiftUILandmarks */,
				91FA5F572C44E2F800EE5C3B /* Products */,
			);
			sourceTree = "<group>";
		};
		91FA5F572C44E2F800EE5C3B /* Products */ = {
			isa = PBXGroup;
			children = (
				91FA5F562C44E2F800EE5C3B /* SwiftUILandmarks.app */,
			);
			name = Products;
			sourceTree = "<group>";
		};
		91FA5F582C44E2F800EE5C3B /* SwiftUILandmarks */ = {
			isa = PBXGroup;
			children = (
				91FA5F8F2C44F8F800EE5C3B /* Views */,
				91FA5F6E2C44E4FD00EE5C3B /* Resources */,
				91FA5F6D2C44E4D000EE5C3B /* Models */,
				91FA5F6B2C44E31D00EE5C3B /* ContentView.swift */,
				91FA5F592C44E2F800EE5C3B /* SwiftUILandmarksApp.swift */,
				91FA5F5D2C44E2F900EE5C3B /* Assets.xcassets */,
				91FA5F5F2C44E2F900EE5C3B /* Preview Content */,
			);
			path = SwiftUILandmarks;
			sourceTree = "<group>";
		};
		91FA5F5F2C44E2F900EE5C3B /* Preview Content */ = {
			isa = PBXGroup;
			children = (
				91FA5F602C44E2F900EE5C3B /* Preview Assets.xcassets */,
			);
			path = "Preview Content";
			sourceTree = "<group>";
		};
		91FA5F6D2C44E4D000EE5C3B /* Models */ = {
			isa = PBXGroup;
			children = (
				91FA5F892C44E52F00EE5C3B /* Data.swift */,
				91FA5F8A2C44E52F00EE5C3B /* Landmark.swift */,
			);
			path = Models;
			sourceTree = "<group>";
		};
		91FA5F6E2C44E4FD00EE5C3B /* Resources */ = {
			isa = PBXGroup;
			children = (
				91FA5F792C44E51100EE5C3B /* chilkoottrail.jpg */,
				91FA5F702C44E51100EE5C3B /* chincoteague.jpg */,
				91FA5F772C44E51100EE5C3B /* hiddenlake.jpg */,
				91FA5F7A2C44E51100EE5C3B /* icybay.jpg */,
				91FA5F752C44E51100EE5C3B /* lakemcdonald.jpg */,
				91FA5F732C44E51100EE5C3B /* landmarkData.json */,
				91FA5F7B2C44E51100EE5C3B /* rainbowlake.jpg */,
				91FA5F712C44E51100EE5C3B /* silversalmoncreek.jpg */,
				91FA5F762C44E51100EE5C3B /* stmarylake.jpg */,
				91FA5F782C44E51100EE5C3B /* turtlerock.jpg */,
				91FA5F6F2C44E51100EE5C3B /* twinlake.jpg */,
				91FA5F722C44E51100EE5C3B /* umbagog.jpg */,
				91FA5F742C44E51100EE5C3B /* yukon_charleyrivers.jpg */,
			);
			path = Resources;
			sourceTree = "<group>";
		};
		91FA5F8F2C44F8F800EE5C3B /* Views */ = {
			isa = PBXGroup;
			children = (
				91FA5F672C44E31300EE5C3B /* CircleImage.swift */,
				91FA5F682C44E31300EE5C3B /* MapView.swift */,
				91FA5F8D2C44F87E00EE5C3B /* LandmarkDetail.swift */,
				91FA5F902C44F91000EE5C3B /* LandmarkRow.swift */,
				91FA5F922C44FAF800EE5C3B /* LandmarkList.swift */,
			);
			path = Views;
			sourceTree = "<group>";
		};
/* End PBXGroup section */

/* Begin PBXNativeTarget section */
		91FA5F552C44E2F800EE5C3B /* SwiftUILandmarks */ = {
			isa = PBXNativeTarget;
			buildConfigurationList = 91FA5F642C44E2F900EE5C3B /* Build configuration list for PBXNativeTarget "SwiftUILandmarks" */;
			buildPhases = (
				91FA5F522C44E2F800EE5C3B /* Sources */,
				91FA5F532C44E2F800EE5C3B /* Frameworks */,
				91FA5F542C44E2F800EE5C3B /* Resources */,
			);
			buildRules = (
			);
			dependencies = (
			);
			name = SwiftUILandmarks;
			productName = SwiftUILandmarks;
			productReference = 91FA5F562C44E2F800EE5C3B /* SwiftUILandmarks.app */;
			productType = "com.apple.product-type.application";
		};
/* End PBXNativeTarget section */

/* Begin PBXProject section */
		91FA5F4E2C44E2F800EE5C3B /* Project object */ = {
			isa = PBXProject;
			attributes = {
				BuildIndependentTargetsInParallel = 1;
				LastSwiftUpdateCheck = 1540;
				LastUpgradeCheck = 1540;
				TargetAttributes = {
					91FA5F552C44E2F800EE5C3B = {
						CreatedOnToolsVersion = 15.4;
					};
				};
			};
			buildConfigurationList = 91FA5F512C44E2F800EE5C3B /* Build configuration list for PBXProject "SwiftUILandmarks" */;
			compatibilityVersion = "Xcode 14.0";
			developmentRegion = en;
			hasScannedForEncodings = 0;
			knownRegions = (
				en,
				Base,
			);
			mainGroup = 91FA5F4D2C44E2F800EE5C3B;
			productRefGroup = 91FA5F572C44E2F800EE5C3B /* Products */;
			projectDirPath = "";
			projectRoot = "";
			targets = (
				91FA5F552C44E2F800EE5C3B /* SwiftUILandmarks */,
			);
		};
/* End PBXProject section */

/* Begin PBXResourcesBuildPhase section */
		91FA5F542C44E2F800EE5C3B /* Resources */ = {
			isa = PBXResourcesBuildPhase;
			buildActionMask = 2147483647;
			files = (
				91FA5F7F2C44E51100EE5C3B /* umbagog.jpg in Resources */,
				91FA5F882C44E51100EE5C3B /* rainbowlake.jpg in Resources */,
				91FA5F7E2C44E51100EE5C3B /* silversalmoncreek.jpg in Resources */,
				91FA5F802C44E51100EE5C3B /* landmarkData.json in Resources */,
				91FA5F822C44E51100EE5C3B /* lakemcdonald.jpg in Resources */,
				91FA5F7C2C44E51100EE5C3B /* twinlake.jpg in Resources */,
				91FA5F842C44E51100EE5C3B /* hiddenlake.jpg in Resources */,
				91FA5F862C44E51100EE5C3B /* chilkoottrail.jpg in Resources */,
				91FA5F612C44E2F900EE5C3B /* Preview Assets.xcassets in Resources */,
				91FA5F832C44E51100EE5C3B /* stmarylake.jpg in Resources */,
				91FA5F852C44E51100EE5C3B /* turtlerock.jpg in Resources */,
				91FA5F7D2C44E51100EE5C3B /* chincoteague.jpg in Resources */,
				91FA5F812C44E51100EE5C3B /* yukon_charleyrivers.jpg in Resources */,
				91FA5F872C44E51100EE5C3B /* icybay.jpg in Resources */,
				91FA5F5E2C44E2F900EE5C3B /* Assets.xcassets in Resources */,
			);
			runOnlyForDeploymentPostprocessing = 0;
		};
/* End PBXResourcesBuildPhase section */

/* Begin PBXSourcesBuildPhase section */
		91FA5F522C44E2F800EE5C3B /* Sources */ = {
			isa = PBXSourcesBuildPhase;
			buildActionMask = 2147483647;
			files = (
				91FA5F6A2C44E31300EE5C3B /* MapView.swift in Sources */,
				91FA5F8B2C44E52F00EE5C3B /* Data.swift in Sources */,
				91FA5F5A2C44E2F800EE5C3B /* SwiftUILandmarksApp.swift in Sources */,
				91FA5F6C2C44E31D00EE5C3B /* ContentView.swift in Sources */,
				91FA5F932C44FAF800EE5C3B /* LandmarkList.swift in Sources */,
				91FA5F692C44E31300EE5C3B /* CircleImage.swift in Sources */,
				91FA5F8C2C44E52F00EE5C3B /* Landmark.swift in Sources */,
				91FA5F912C44F91000EE5C3B /* LandmarkRow.swift in Sources */,
				91FA5F8E2C44F87E00EE5C3B /* LandmarkDetail.swift in Sources */,
			);
			runOnlyForDeploymentPostprocessing = 0;
		};
/* End PBXSourcesBuildPhase section */

/* Begin XCBuildConfiguration section */
		91FA5F622C44E2F900EE5C3B /* Debug */ = {
			isa = XCBuildConfiguration;
			buildSettings = {
				ALWAYS_SEARCH_USER_PATHS = NO;
				ASSETCATALOG_COMPILER_GENERATE_SWIFT_ASSET_SYMBOL_EXTENSIONS = YES;
				CLANG_ANALYZER_NONNULL = YES;
				CLANG_ANALYZER_NUMBER_OBJECT_CONVERSION = YES_AGGRESSIVE;
				CLANG_CXX_LANGUAGE_STANDARD = "gnu++20";
				CLANG_ENABLE_MODULES = YES;
				CLANG_ENABLE_OBJC_ARC = YES;
				CLANG_ENABLE_OBJC_WEAK = YES;
				CLANG_WARN_BLOCK_CAPTURE_AUTORELEASING = YES;
				CLANG_WARN_BOOL_CONVERSION = YES;
				CLANG_WARN_COMMA = YES;
				CLANG_WARN_CONSTANT_CONVERSION = YES;
				CLANG_WARN_DEPRECATED_OBJC_IMPLEMENTATIONS = YES;
				CLANG_WARN_DIRECT_OBJC_ISA_USAGE = YES_ERROR;
				CLANG_WARN_DOCUMENTATION_COMMENTS = YES;
				CLANG_WARN_EMPTY_BODY = YES;
				CLANG_WARN_ENUM_CONVERSION = YES;
				CLANG_WARN_INFINITE_RECURSION = YES;
				CLANG_WARN_INT_CONVERSION = YES;
				CLANG_WARN_NON_LITERAL_NULL_CONVERSION = YES;
				CLANG_WARN_OBJC_IMPLICIT_RETAIN_SELF = YES;
				CLANG_WARN_OBJC_LITERAL_CONVERSION = YES;
				CLANG_WARN_OBJC_ROOT_CLASS = YES_ERROR;
				CLANG_WARN_QUOTED_INCLUDE_IN_FRAMEWORK_HEADER = YES;
				CLANG_WARN_RANGE_LOOP_ANALYSIS = YES;
				CLANG_WARN_STRICT_PROTOTYPES = YES;
				CLANG_WARN_SUSPICIOUS_MOVE = YES;
				CLANG_WARN_UNGUARDED_AVAILABILITY = YES_AGGRESSIVE;
				CLANG_WARN_UNREACHABLE_CODE = YES;
				CLANG_WARN__DUPLICATE_METHOD_MATCH = YES;
				COPY_PHASE_STRIP = NO;
				DEBUG_INFORMATION_FORMAT = dwarf;
				ENABLE_STRICT_OBJC_MSGSEND = YES;
				ENABLE_TESTABILITY = YES;
				ENABLE_USER_SCRIPT_SANDBOXING = YES;
				GCC_C_LANGUAGE_STANDARD = gnu17;
				GCC_DYNAMIC_NO_PIC = NO;
				GCC_NO_COMMON_BLOCKS = YES;
				GCC_OPTIMIZATION_LEVEL = 0;
				GCC_PREPROCESSOR_DEFINITIONS = (
					"DEBUG=1",
					"$(inherited)",
				);
				GCC_WARN_64_TO_32_BIT_CONVERSION = YES;
				GCC_WARN_ABOUT_RETURN_TYPE = YES_ERROR;
				GCC_WARN_UNDECLARED_SELECTOR = YES;
				GCC_WARN_UNINITIALIZED_AUTOS = YES_AGGRESSIVE;
				GCC_WARN_UNUSED_FUNCTION = YES;
				GCC_WARN_UNUSED_VARIABLE = YES;
				IPHONEOS_DEPLOYMENT_TARGET = 17.5;
				LOCALIZATION_PREFERS_STRING_CATALOGS = YES;
				MTL_ENABLE_DEBUG_INFO = INCLUDE_SOURCE;
				MTL_FAST_MATH = YES;
				ONLY_ACTIVE_ARCH = YES;
				SDKROOT = iphoneos;
				SWIFT_ACTIVE_COMPILATION_CONDITIONS = "DEBUG $(inherited)";
				SWIFT_OPTIMIZATION_LEVEL = "-Onone";
			};
			name = Debug;
		};
		91FA5F632C44E2F900EE5C3B /* Release */ = {
			isa = XCBuildConfiguration;
			buildSettings = {
				ALWAYS_SEARCH_USER_PATHS = NO;
				ASSETCATALOG_COMPILER_GENERATE_SWIFT_ASSET_SYMBOL_EXTENSIONS = YES;
				CLANG_ANALYZER_NONNULL = YES;
				CLANG_ANALYZER_NUMBER_OBJECT_CONVERSION = YES_AGGRESSIVE;
				CLANG_CXX_LANGUAGE_STANDARD = "gnu++20";
				CLANG_ENABLE_MODULES = YES;
				CLANG_ENABLE_OBJC_ARC = YES;
				CLANG_ENABLE_OBJC_WEAK = YES;
				CLANG_WARN_BLOCK_CAPTURE_AUTORELEASING = YES;
				CLANG_WARN_BOOL_CONVERSION = YES;
				CLANG_WARN_COMMA = YES;
				CLANG_WARN_CONSTANT_CONVERSION = YES;
				CLANG_WARN_DEPRECATED_OBJC_IMPLEMENTATIONS = YES;
				CLANG_WARN_DIRECT_OBJC_ISA_USAGE = YES_ERROR;
				CLANG_WARN_DOCUMENTATION_COMMENTS = YES;
				CLANG_WARN_EMPTY_BODY = YES;
				CLANG_WARN_ENUM_CONVERSION = YES;
				CLANG_WARN_INFINITE_RECURSION = YES;
				CLANG_WARN_INT_CONVERSION = YES;
				CLANG_WARN_NON_LITERAL_NULL_CONVERSION = YES;
				CLANG_WARN_OBJC_IMPLICIT_RETAIN_SELF = YES;
				CLANG_WARN_OBJC_LITERAL_CONVERSION = YES;
				CLANG_WARN_OBJC_ROOT_CLASS = YES_ERROR;
				CLANG_WARN_QUOTED_INCLUDE_IN_FRAMEWORK_HEADER = YES;
				CLANG_WARN_RANGE_LOOP_ANALYSIS = YES;
				CLANG_WARN_STRICT_PROTOTYPES = YES;
				CLANG_WARN_SUSPICIOUS_MOVE = YES;
				CLANG_WARN_UNGUARDED_AVAILABILITY = YES_AGGRESSIVE;
				CLANG_WARN_UNREACHABLE_CODE = YES;
				CLANG_WARN__DUPLICATE_METHOD_MATCH = YES;
				COPY_PHASE_STRIP = NO;
				DEBUG_INFORMATION_FORMAT = "dwarf-with-dsym";
				ENABLE_NS_ASSERTIONS = NO;
				ENABLE_STRICT_OBJC_MSGSEND = YES;
				ENABLE_USER_SCRIPT_SANDBOXING = YES;
				GCC_C_LANGUAGE_STANDARD = gnu17;
				GCC_NO_COMMON_BLOCKS = YES;
				GCC_WARN_64_TO_32_BIT_CONVERSION = YES;
				GCC_WARN_ABOUT_RETURN_TYPE = YES_ERROR;
				GCC_WARN_UNDECLARED_SELECTOR = YES;
				GCC_WARN_UNINITIALIZED_AUTOS = YES_AGGRESSIVE;
				GCC_WARN_UNUSED_FUNCTION = YES;
				GCC_WARN_UNUSED_VARIABLE = YES;
				IPHONEOS_DEPLOYMENT_TARGET = 17.5;
				LOCALIZATION_PREFERS_STRING_CATALOGS = YES;
				MTL_ENABLE_DEBUG_INFO = NO;
				MTL_FAST_MATH = YES;
				SDKROOT = iphoneos;
				SWIFT_COMPILATION_MODE = wholemodule;
				VALIDATE_PRODUCT = YES;
			};
			name = Release;
		};
		91FA5F652C44E2F900EE5C3B /* Debug */ = {
			isa = XCBuildConfiguration;
			buildSettings = {
				ASSETCATALOG_COMPILER_APPICON_NAME = AppIcon;
				ASSETCATALOG_COMPILER_GLOBAL_ACCENT_COLOR_NAME = AccentColor;
				CODE_SIGN_STYLE = Automatic;
				CURRENT_PROJECT_VERSION = 1;
				DEVELOPMENT_ASSET_PATHS = "\"SwiftUILandmarks/Preview Content\"";
				DEVELOPMENT_TEAM = WDE622528T;
				ENABLE_PREVIEWS = YES;
				GENERATE_INFOPLIST_FILE = YES;
				INFOPLIST_KEY_UIApplicationSceneManifest_Generation = YES;
				INFOPLIST_KEY_UIApplicationSupportsIndirectInputEvents = YES;
				INFOPLIST_KEY_UILaunchScreen_Generation = YES;
				INFOPLIST_KEY_UISupportedInterfaceOrientations_iPad = "UIInterfaceOrientationPortrait UIInterfaceOrientationPortraitUpsideDown UIInterfaceOrientationLandscapeLeft UIInterfaceOrientationLandscapeRight";
				INFOPLIST_KEY_UISupportedInterfaceOrientations_iPhone = "UIInterfaceOrientationPortrait UIInterfaceOrientationLandscapeLeft UIInterfaceOrientationLandscapeRight";
				IPHONEOS_DEPLOYMENT_TARGET = 16.0;
				LD_RUNPATH_SEARCH_PATHS = (
					"$(inherited)",
					"@executable_path/Frameworks",
				);
				MARKETING_VERSION = 1.0;
				PRODUCT_BUNDLE_IDENTIFIER = com.tospery.SwiftUILandmarks;
				PRODUCT_NAME = "$(TARGET_NAME)";
				SWIFT_EMIT_LOC_STRINGS = YES;
				SWIFT_VERSION = 5.0;
				TARGETED_DEVICE_FAMILY = "1,2";
			};
			name = Debug;
		};
		91FA5F662C44E2F900EE5C3B /* Release */ = {
			isa = XCBuildConfiguration;
			buildSettings = {
				ASSETCATALOG_COMPILER_APPICON_NAME = AppIcon;
				ASSETCATALOG_COMPILER_GLOBAL_ACCENT_COLOR_NAME = AccentColor;
				CODE_SIGN_STYLE = Automatic;
				CURRENT_PROJECT_VERSION = 1;
				DEVELOPMENT_ASSET_PATHS = "\"SwiftUILandmarks/Preview Content\"";
				DEVELOPMENT_TEAM = WDE622528T;
				ENABLE_PREVIEWS = YES;
				GENERATE_INFOPLIST_FILE = YES;
				INFOPLIST_KEY_UIApplicationSceneManifest_Generation = YES;
				INFOPLIST_KEY_UIApplicationSupportsIndirectInputEvents = YES;
				INFOPLIST_KEY_UILaunchScreen_Generation = YES;
				INFOPLIST_KEY_UISupportedInterfaceOrientations_iPad = "UIInterfaceOrientationPortrait UIInterfaceOrientationPortraitUpsideDown UIInterfaceOrientationLandscapeLeft UIInterfaceOrientationLandscapeRight";
				INFOPLIST_KEY_UISupportedInterfaceOrientations_iPhone = "UIInterfaceOrientationPortrait UIInterfaceOrientationLandscapeLeft UIInterfaceOrientationLandscapeRight";
				IPHONEOS_DEPLOYMENT_TARGET = 16.0;
				LD_RUNPATH_SEARCH_PATHS = (
					"$(inherited)",
					"@executable_path/Frameworks",
				);
				MARKETING_VERSION = 1.0;
				PRODUCT_BUNDLE_IDENTIFIER = com.tospery.SwiftUILandmarks;
				PRODUCT_NAME = "$(TARGET_NAME)";
				SWIFT_EMIT_LOC_STRINGS = YES;
				SWIFT_VERSION = 5.0;
				TARGETED_DEVICE_FAMILY = "1,2";
			};
			name = Release;
		};
/* End XCBuildConfiguration section */

/* Begin XCConfigurationList section */
		91FA5F512C44E2F800EE5C3B /* Build configuration list for PBXProject "SwiftUILandmarks" */ = {
			isa = XCConfigurationList;
			buildConfigurations = (
				91FA5F622C44E2F900EE5C3B /* Debug */,
				91FA5F632C44E2F900EE5C3B /* Release */,
			);
			defaultConfigurationIsVisible = 0;
			defaultConfigurationName = Release;
		};
		91FA5F642C44E2F900EE5C3B /* Build configuration list for PBXNativeTarget "SwiftUILandmarks" */ = {
			isa = XCConfigurationList;
			buildConfigurations = (
				91FA5F652C44E2F900EE5C3B /* Debug */,
				91FA5F662C44E2F900EE5C3B /* Release */,
			);
			defaultConfigurationIsVisible = 0;
			defaultConfigurationName = Release;
		};
/* End XCConfigurationList section */
	};
	rootObject = 91FA5F4E2C44E2F800EE5C3B /* Project object */;
}
